
Microsoft Visual Studio Solution File, Format Version 12.00
# Visual Studio Version 18
VisualStudioVersion = 18.6.11819.183
MinimumVisualStudioVersion = 10.0.40219.1
Project("{FAE04EC0-301F-11D3-BF4B-00C04F79EFBC}") = "Client", "Client\Source\Client.csproj", "{EE778185-FDC1-401F-80ED-5FCA6166DD4D}"
EndProject
Project("{FAE04EC0-301F-11D3-BF4B-00C04F79EFBC}") = "Server", "Server\Server.csproj", "{91DAC5B9-03E6-45DA-A0FD-AAA805ED131D}"
EndProject
Project("{FAE04EC0-301F-11D3-BF4B-00C04F79EFBC}") = "ServerRuntime", "Server\ServerRuntime\ServerRuntime.csproj", "{76A84E54-5F6B-44AC-B362-A2852D9156D1}"
EndProject
Project("{FAE04EC0-301F-11D3-BF4B-00C04F79EFBC}") = "Authentication.Server", "Server\Authentication.Server\Authentication.Server.csproj", "{59BE10C8-26E4-46D5-9E92-FA35EDBC12D5}"
EndProject
Project("{FAE04EC0-301F-11D3-BF4B-00C04F79EFBC}") = "UserManagement.Server", "Server\UserManagement.Server\UserManagement.Server.csproj", "{AF645938-D954-4A3A-A24A-AF8593401B34}"
EndProject
Project("{FAE04EC0-301F-11D3-BF4B-00C04F79EFBC}") = "Connections", "Common\Connections\Connections.csproj", "{38CB6BED-E751-42FE-A847-C0DDD482AC62}"
EndProject
Project("{FAE04EC0-301F-11D3-BF4B-00C04F79EFBC}") = "Connections.Server", "Server\Connections.Server\Connections.Server.csproj", "{D4E5F6A7-B8C9-0123-DEF1-234567890123}"
EndProject
Project("{FAE04EC0-301F-11D3-BF4B-00C04F79EFBC}") = "Authentication.Client", "Client\Common\Authentication.Client\Authentication.Client.csproj", "{B2C3D4E5-F6A7-8901-BCDE-F12345678901}"
EndProject
Project("{FAE04EC0-301F-11D3-BF4B-00C04F79EFBC}") = "Connections.Client", "Client\Common\Connections.Client\Connections.Client.csproj", "{A1B2C3D4-E5F6-7890-ABCD-EF1234567890}"
EndProject
Project("{FAE04EC0-301F-11D3-BF4B-00C04F79EFBC}") = "UserManagement.Client", "Client\Common\UserManagement.Client\UserManagement.Client.csproj", "{C3D4E5F6-A7B8-9012-CDEF-123456789012}"
EndProject
Project("{2150E333-8FDC-42A3-9474-1A3956D46DE8}") = "Modules", "Modules", "{25425468-EE4B-48F3-866C-4498EEDA5417}"
EndProject
Project("{FAE04EC0-301F-11D3-BF4B-00C04F79EFBC}") = "UserManagement", "Common\UserManagement\UserManagement.csproj", "{4E8C099F-DCAB-418A-A2FE-2705A7065EC3}"
EndProject
Project("{FAE04EC0-301F-11D3-BF4B-00C04F79EFBC}") = "Authentication", "Common\Authentication\Authentication.csproj", "{E983D5C7-A573-44E4-A8BB-D5A9D78EA538}"
EndProject
Project("{FAE04EC0-301F-11D3-BF4B-00C04F79EFBC}") = "ChatExtension", "Extensions\Chat\Contracts\ChatExtension.csproj", "{7B7D7B5F-D806-4A6B-B1AB-2D6EA7B4D5F4}"
EndProject
Project("{FAE04EC0-301F-11D3-BF4B-00C04F79EFBC}") = "Utils", "Common\Utils\Utils.csproj", "{B6FF1583-C75A-42C1-9B75-2B16215A0CF7}"
EndProject
Project("{FAE04EC0-301F-11D3-BF4B-00C04F79EFBC}") = "TradeExtension", "Extensions\Trade\Contracts\TradeExtension.csproj", "{D1C9486E-43DA-4816-BA8C-EC7C0F233C2C}"
EndProject
Project("{FAE04EC0-301F-11D3-BF4B-00C04F79EFBC}") = "ClientExtensionAbstractions", "Client\ClientExtensionAbstractions\ClientExtensionAbstractions.csproj", "{A16F1B6A-6E62-4F4E-A5D2-8E4C9D93F201}"
EndProject
Project("{FAE04EC0-301F-11D3-BF4B-00C04F79EFBC}") = "ChatExtension.Client", "Extensions\Chat\Client\ChatExtension.Client.csproj", "{0E62A5A2-C95D-4CE4-B77B-6D5C698A2101}"
EndProject
Project("{FAE04EC0-301F-11D3-BF4B-00C04F79EFBC}") = "LegacyAdapter.Client", "Extensions\LegacyAdapter\Client\PhinixLegacyAdapter.Client.csproj", "{F1A2B3C4-D5E6-7890-ABCD-EF1234567890}"
EndProject
Project("{FAE04EC0-301F-11D3-BF4B-00C04F79EFBC}") = "TradeExtension.Client", "Extensions\Trade\Client\TradeExtension.Client.csproj", "{0D9D0722-46D1-4330-9177-C5E4D2452102}"
EndProject
Project("{FAE04EC0-301F-11D3-BF4B-00C04F79EFBC}") = "ChatExtension.Server", "Extensions\Chat\Server\ChatExtension.Server.csproj", "{4C930CBF-1A5A-4208-AAC8-F16625DE2103}"
EndProject
Project("{FAE04EC0-301F-11D3-BF4B-00C04F79EFBC}") = "TradeExtension.Server", "Extensions\Trade\Server\TradeExtension.Server.csproj", "{C9F8BEAB-ACB7-4EBE-9713-BA0A50512104}"
EndProject
Project("{9A19103F-16F7-4668-BE54-9A1E7A4F7556}") = "Google.Protobuf", "Dependencies\protobuf\csharp\src\Google.Protobuf\Google.Protobuf.csproj", "{D5BBFA59-DB31-40F8-A8BF-7333BE984316}"
EndProject
Project("{2150E333-8FDC-42A3-9474-1A3956D46DE8}") = "Dependencies", "Dependencies", "{B71A3D38-D467-465C-B749-0B9F23D0362F}"
EndProject
Global
	GlobalSection(SolutionConfigurationPlatforms) = preSolution
		Debug 1.3|Any CPU = Debug 1.3|Any CPU
		Debug 1.4|Any CPU = Debug 1.4|Any CPU
		Debug 1.5|Any CPU = Debug 1.5|Any CPU
		Debug 1.6|Any CPU = Debug 1.6|Any CPU
		Release 1.3|Any CPU = Release 1.3|Any CPU
		Release 1.4|Any CPU = Release 1.4|Any CPU
		Release 1.5|Any CPU = Release 1.5|Any CPU
		Release 1.6|Any CPU = Release 1.6|Any CPU
		TravisCI|Any CPU = TravisCI|Any CPU
	EndGlobalSection
	GlobalSection(ProjectConfigurationPlatforms) = postSolution
		{EE778185-FDC1-401F-80ED-5FCA6166DD4D}.Debug 1.3|Any CPU.ActiveCfg = Debug 1.3|Any CPU
		{EE778185-FDC1-401F-80ED-5FCA6166DD4D}.Debug 1.4|Any CPU.ActiveCfg = Debug 1.4|Any CPU
		{EE778185-FDC1-401F-80ED-5FCA6166DD4D}.Debug 1.4|Any CPU.Build.0 = Debug 1.4|Any CPU
		{EE778185-FDC1-401F-80ED-5FCA6166DD4D}.Debug 1.5|Any CPU.ActiveCfg = Debug 1.5|Any CPU
		{EE778185-FDC1-401F-80ED-5FCA6166DD4D}.Debug 1.5|Any CPU.Build.0 = Debug 1.5|Any CPU
		{EE778185-FDC1-401F-80ED-5FCA6166DD4D}.Debug 1.6|Any CPU.ActiveCfg = TravisCI|Any CPU
		{EE778185-FDC1-401F-80ED-5FCA6166DD4D}.Debug 1.6|Any CPU.Build.0 = TravisCI|Any CPU
		{EE778185-FDC1-401F-80ED-5FCA6166DD4D}.Release 1.3|Any CPU.ActiveCfg = Release 1.3|Any CPU
		{EE778185-FDC1-401F-80ED-5FCA6166DD4D}.Release 1.3|Any CPU.Build.0 = Release 1.3|Any CPU
		{EE778185-FDC1-401F-80ED-5FCA6166DD4D}.Release 1.4|Any CPU.ActiveCfg = Release 1.4|Any CPU
		{EE778185-FDC1-401F-80ED-5FCA6166DD4D}.Release 1.4|Any CPU.Build.0 = Release 1.4|Any CPU
		{EE778185-FDC1-401F-80ED-5FCA6166DD4D}.Release 1.5|Any CPU.ActiveCfg = Release 1.5|Any CPU
		{EE778185-FDC1-401F-80ED-5FCA6166DD4D}.Release 1.5|Any CPU.Build.0 = Release 1.5|Any CPU
		{EE778185-FDC1-401F-80ED-5FCA6166DD4D}.Release 1.6|Any CPU.ActiveCfg = Release 1.6|Any CPU
		{EE778185-FDC1-401F-80ED-5FCA6166DD4D}.Release 1.6|Any CPU.Build.0 = Release 1.6|Any CPU
		{EE778185-FDC1-401F-80ED-5FCA6166DD4D}.TravisCI|Any CPU.ActiveCfg = Release|Any CPU
		{91DAC5B9-03E6-45DA-A0FD-AAA805ED131D}.Debug 1.3|Any CPU.ActiveCfg = Debug|Any CPU
		{91DAC5B9-03E6-45DA-A0FD-AAA805ED131D}.Debug 1.4|Any CPU.ActiveCfg = Debug|Any CPU
		{91DAC5B9-03E6-45DA-A0FD-AAA805ED131D}.Debug 1.4|Any CPU.Build.0 = Debug|Any CPU
		{91DAC5B9-03E6-45DA-A0FD-AAA805ED131D}.Debug 1.5|Any CPU.ActiveCfg = Debug|Any CPU
		{91DAC5B9-03E6-45DA-A0FD-AAA805ED131D}.Debug 1.5|Any CPU.Build.0 = Debug|Any CPU
		{91DAC5B9-03E6-45DA-A0FD-AAA805ED131D}.Debug 1.6|Any CPU.ActiveCfg = Debug|Any CPU
		{91DAC5B9-03E6-45DA-A0FD-AAA805ED131D}.Debug 1.6|Any CPU.Build.0 = Debug|Any CPU
		{91DAC5B9-03E6-45DA-A0FD-AAA805ED131D}.Release 1.3|Any CPU.ActiveCfg = Release|Any CPU
		{91DAC5B9-03E6-45DA-A0FD-AAA805ED131D}.Release 1.3|Any CPU.Build.0 = Release|Any CPU
		{91DAC5B9-03E6-45DA-A0FD-AAA805ED131D}.Release 1.4|Any CPU.ActiveCfg = Release|Any CPU
		{91DAC5B9-03E6-45DA-A0FD-AAA805ED131D}.Release 1.4|Any CPU.Build.0 = Release|Any CPU
		{91DAC5B9-03E6-45DA-A0FD-AAA805ED131D}.Release 1.5|Any CPU.ActiveCfg = Release|Any CPU
		{91DAC5B9-03E6-45DA-A0FD-AAA805ED131D}.Release 1.5|Any CPU.Build.0 = Release|Any CPU
		{91DAC5B9-03E6-45DA-A0FD-AAA805ED131D}.Release 1.6|Any CPU.ActiveCfg = Release|Any CPU
		{91DAC5B9-03E6-45DA-A0FD-AAA805ED131D}.Release 1.6|Any CPU.Build.0 = Release|Any CPU
		{91DAC5B9-03E6-45DA-A0FD-AAA805ED131D}.TravisCI|Any CPU.ActiveCfg = Release|Any CPU
		{91DAC5B9-03E6-45DA-A0FD-AAA805ED131D}.TravisCI|Any CPU.Build.0 = Release|Any CPU
		{76A84E54-5F6B-44AC-B362-A2852D9156D1}.Debug 1.3|Any CPU.ActiveCfg = Debug|Any CPU
		{76A84E54-5F6B-44AC-B362-A2852D9156D1}.Debug 1.4|Any CPU.ActiveCfg = Debug|Any CPU
		{76A84E54-5F6B-44AC-B362-A2852D9156D1}.Debug 1.4|Any CPU.Build.0 = Debug|Any CPU
		{76A84E54-5F6B-44AC-B362-A2852D9156D1}.Debug 1.5|Any CPU.ActiveCfg = Debug|Any CPU
		{76A84E54-5F6B-44AC-B362-A2852D9156D1}.Debug 1.5|Any CPU.Build.0 = Debug|Any CPU
		{76A84E54-5F6B-44AC-B362-A2852D9156D1}.Debug 1.6|Any CPU.ActiveCfg = Debug|Any CPU
		{76A84E54-5F6B-44AC-B362-A2852D9156D1}.Debug 1.6|Any CPU.Build.0 = Debug|Any CPU
		{76A84E54-5F6B-44AC-B362-A2852D9156D1}.Release 1.3|Any CPU.ActiveCfg = Release|Any CPU
		{76A84E54-5F6B-44AC-B362-A2852D9156D1}.Release 1.3|Any CPU.Build.0 = Release|Any CPU
		{76A84E54-5F6B-44AC-B362-A2852D9156D1}.Release 1.4|Any CPU.ActiveCfg = Release|Any CPU
		{76A84E54-5F6B-44AC-B362-A2852D9156D1}.Release 1.4|Any CPU.Build.0 = Release|Any CPU
		{76A84E54-5F6B-44AC-B362-A2852D9156D1}.Release 1.5|Any CPU.ActiveCfg = Release|Any CPU
		{76A84E54-5F6B-44AC-B362-A2852D9156D1}.Release 1.5|Any CPU.Build.0 = Release|Any CPU
		{76A84E54-5F6B-44AC-B362-A2852D9156D1}.Release 1.6|Any CPU.ActiveCfg = Release|Any CPU
		{76A84E54-5F6B-44AC-B362-A2852D9156D1}.Release 1.6|Any CPU.Build.0 = Release|Any CPU
		{76A84E54-5F6B-44AC-B362-A2852D9156D1}.TravisCI|Any CPU.ActiveCfg = Release|Any CPU
		{76A84E54-5F6B-44AC-B362-A2852D9156D1}.TravisCI|Any CPU.Build.0 = Release|Any CPU
		{59BE10C8-26E4-46D5-9E92-FA35EDBC12D5}.Debug 1.3|Any CPU.ActiveCfg = Debug|Any CPU
		{59BE10C8-26E4-46D5-9E92-FA35EDBC12D5}.Debug 1.4|Any CPU.ActiveCfg = Debug|Any CPU
		{59BE10C8-26E4-46D5-9E92-FA35EDBC12D5}.Debug 1.4|Any CPU.Build.0 = Debug|Any CPU
		{59BE10C8-26E4-46D5-9E92-FA35EDBC12D5}.Debug 1.5|Any CPU.ActiveCfg = Debug|Any CPU
		{59BE10C8-26E4-46D5-9E92-FA35EDBC12D5}.Debug 1.5|Any CPU.Build.0 = Debug|Any CPU
		{59BE10C8-26E4-46D5-9E92-FA35EDBC12D5}.Debug 1.6|Any CPU.ActiveCfg = Debug|Any CPU
		{59BE10C8-26E4-46D5-9E92-FA35EDBC12D5}.Debug 1.6|Any CPU.Build.0 = Debug|Any CPU
		{59BE10C8-26E4-46D5-9E92-FA35EDBC12D5}.Release 1.3|Any CPU.ActiveCfg = Release|Any CPU
		{59BE10C8-26E4-46D5-9E92-FA35EDBC12D5}.Release 1.3|Any CPU.Build.0 = Release|Any CPU
		{59BE10C8-26E4-46D5-9E92-FA35EDBC12D5}.Release 1.4|Any CPU.ActiveCfg = Release|Any CPU
		{59BE10C8-26E4-46D5-9E92-FA35EDBC12D5}.Release 1.4|Any CPU.Build.0 = Release|Any CPU
		{59BE10C8-26E4-46D5-9E92-FA35EDBC12D5}.Release 1.5|Any CPU.ActiveCfg = Release|Any CPU
		{59BE10C8-26E4-46D5-9E92-FA35EDBC12D5}.Release 1.5|Any CPU.Build.0 = Release|Any CPU
		{59BE10C8-26E4-46D5-9E92-FA35EDBC12D5}.Release 1.6|Any CPU.ActiveCfg = Release|Any CPU
		{59BE10C8-26E4-46D5-9E92-FA35EDBC12D5}.Release 1.6|Any CPU.Build.0 = Release|Any CPU
		{59BE10C8-26E4-46D5-9E92-FA35EDBC12D5}.TravisCI|Any CPU.ActiveCfg = Release|Any CPU
		{59BE10C8-26E4-46D5-9E92-FA35EDBC12D5}.TravisCI|Any CPU.Build.0 = Release|Any CPU
		{AF645938-D954-4A3A-A24A-AF8593401B34}.Debug 1.3|Any CPU.ActiveCfg = Debug|Any CPU
		{AF645938-D954-4A3A-A24A-AF8593401B34}.Debug 1.4|Any CPU.ActiveCfg = Debug|Any CPU
		{AF645938-D954-4A3A-A24A-AF8593401B34}.Debug 1.4|Any CPU.Build.0 = Debug|Any CPU
		{AF645938-D954-4A3A-A24A-AF8593401B34}.Debug 1.5|Any CPU.ActiveCfg = Debug|Any CPU
		{AF645938-D954-4A3A-A24A-AF8593401B34}.Debug 1.5|Any CPU.Build.0 = Debug|Any CPU
		{AF645938-D954-4A3A-A24A-AF8593401B34}.Debug 1.6|Any CPU.ActiveCfg = Debug|Any CPU
		{AF645938-D954-4A3A-A24A-AF8593401B34}.Debug 1.6|Any CPU.Build.0 = Debug|Any CPU
		{AF645938-D954-4A3A-A24A-AF8593401B34}.Release 1.3|Any CPU.ActiveCfg = Release|Any CPU
		{AF645938-D954-4A3A-A24A-AF8593401B34}.Release 1.3|Any CPU.Build.0 = Release|Any CPU
		{AF645938-D954-4A3A-A24A-AF8593401B34}.Release 1.4|Any CPU.ActiveCfg = Release|Any CPU
		{AF645938-D954-4A3A-A24A-AF8593401B34}.Release 1.4|Any CPU.Build.0 = Release|Any CPU
		{AF645938-D954-4A3A-A24A-AF8593401B34}.Release 1.5|Any CPU.ActiveCfg = Release|Any CPU
		{AF645938-D954-4A3A-A24A-AF8593401B34}.Release 1.5|Any CPU.Build.0 = Release|Any CPU
		{AF645938-D954-4A3A-A24A-AF8593401B34}.Release 1.6|Any CPU.ActiveCfg = Release|Any CPU
		{AF645938-D954-4A3A-A24A-AF8593401B34}.Release 1.6|Any CPU.Build.0 = Release|Any CPU
		{AF645938-D954-4A3A-A24A-AF8593401B34}.TravisCI|Any CPU.ActiveCfg = Release|Any CPU
		{AF645938-D954-4A3A-A24A-AF8593401B34}.TravisCI|Any CPU.Build.0 = Release|Any CPU
		{38CB6BED-E751-42FE-A847-C0DDD482AC62}.Debug 1.3|Any CPU.ActiveCfg = Debug|Any CPU
		{38CB6BED-E751-42FE-A847-C0DDD482AC62}.Debug 1.4|Any CPU.ActiveCfg = Debug|Any CPU
		{38CB6BED-E751-42FE-A847-C0DDD482AC62}.Debug 1.4|Any CPU.Build.0 = Debug|Any CPU
		{38CB6BED-E751-42FE-A847-C0DDD482AC62}.Debug 1.5|Any CPU.ActiveCfg = Debug|Any CPU
		{38CB6BED-E751-42FE-A847-C0DDD482AC62}.Debug 1.5|Any CPU.Build.0 = Debug|Any CPU
		{38CB6BED-E751-42FE-A847-C0DDD482AC62}.Debug 1.6|Any CPU.ActiveCfg = Debug|Any CPU
		{38CB6BED-E751-42FE-A847-C0DDD482AC62}.Debug 1.6|Any CPU.Build.0 = Debug|Any CPU
		{38CB6BED-E751-42FE-A847-C0DDD482AC62}.Release 1.3|Any CPU.ActiveCfg = Release|Any CPU
		{38CB6BED-E751-42FE-A847-C0DDD482AC62}.Release 1.3|Any CPU.Build.0 = Release|Any CPU
		{38CB6BED-E751-42FE-A847-C0DDD482AC62}.Release 1.4|Any CPU.ActiveCfg = Release|Any CPU
		{38CB6BED-E751-42FE-A847-C0DDD482AC62}.Release 1.4|Any CPU.Build.0 = Release|Any CPU
		{38CB6BED-E751-42FE-A847-C0DDD482AC62}.Release 1.5|Any CPU.ActiveCfg = Release|Any CPU
		{38CB6BED-E751-42FE-A847-C0DDD482AC62}.Release 1.5|Any CPU.Build.0 = Release|Any CPU
		{38CB6BED-E751-42FE-A847-C0DDD482AC62}.Release 1.6|Any CPU.ActiveCfg = Release|Any CPU
		{38CB6BED-E751-42FE-A847-C0DDD482AC62}.Release 1.6|Any CPU.Build.0 = Release|Any CPU
		{38CB6BED-E751-42FE-A847-C0DDD482AC62}.TravisCI|Any CPU.ActiveCfg = Release|Any CPU
		{38CB6BED-E751-42FE-A847-C0DDD482AC62}.TravisCI|Any CPU.Build.0 = Release|Any CPU
		{4E8C099F-DCAB-418A-A2FE-2705A7065EC3}.Debug 1.3|Any CPU.ActiveCfg = Debug|Any CPU
		{4E8C099F-DCAB-418A-A2FE-2705A7065EC3}.Debug 1.4|Any CPU.ActiveCfg = Debug|Any CPU
		{4E8C099F-DCAB-418A-A2FE-2705A7065EC3}.Debug 1.4|Any CPU.Build.0 = Debug|Any CPU
		{4E8C099F-DCAB-418A-A2FE-2705A7065EC3}.Debug 1.5|Any CPU.ActiveCfg = Debug|Any CPU
		{4E8C099F-DCAB-418A-A2FE-2705A7065EC3}.Debug 1.5|Any CPU.Build.0 = Debug|Any CPU
		{4E8C099F-DCAB-418A-A2FE-2705A7065EC3}.Debug 1.6|Any CPU.ActiveCfg = Debug|Any CPU
		{4E8C099F-DCAB-418A-A2FE-2705A7065EC3}.Debug 1.6|Any CPU.Build.0 = Debug|Any CPU
		{4E8C099F-DCAB-418A-A2FE-2705A7065EC3}.Release 1.3|Any CPU.ActiveCfg = Release|Any CPU
		{4E8C099F-DCAB-418A-A2FE-2705A7065EC3}.Release 1.3|Any CPU.Build.0 = Release|Any CPU
		{4E8C099F-DCAB-418A-A2FE-2705A7065EC3}.Release 1.4|Any CPU.ActiveCfg = Release|Any CPU
		{4E8C099F-DCAB-418A-A2FE-2705A7065EC3}.Release 1.4|Any CPU.Build.0 = Release|Any CPU
		{4E8C099F-DCAB-418A-A2FE-2705A7065EC3}.Release 1.5|Any CPU.ActiveCfg = Release|Any CPU
		{4E8C099F-DCAB-418A-A2FE-2705A7065EC3}.Release 1.5|Any CPU.Build.0 = Release|Any CPU
		{4E8C099F-DCAB-418A-A2FE-2705A7065EC3}.Release 1.6|Any CPU.ActiveCfg = Release|Any CPU
		{4E8C099F-DCAB-418A-A2FE-2705A7065EC3}.Release 1.6|Any CPU.Build.0 = Release|Any CPU
		{4E8C099F-DCAB-418A-A2FE-2705A7065EC3}.TravisCI|Any CPU.ActiveCfg = Release|Any CPU
		{4E8C099F-DCAB-418A-A2FE-2705A7065EC3}.TravisCI|Any CPU.Build.0 = Release|Any CPU
		{E983D5C7-A573-44E4-A8BB-D5A9D78EA538}.Debug 1.3|Any CPU.ActiveCfg = Debug|Any CPU
		{E983D5C7-A573-44E4-A8BB-D5A9D78EA538}.Debug 1.4|Any CPU.ActiveCfg = Debug|Any CPU
		{E983D5C7-A573-44E4-A8BB-D5A9D78EA538}.Debug 1.4|Any CPU.Build.0 = Debug|Any CPU
		{E983D5C7-A573-44E4-A8BB-D5A9D78EA538}.Debug 1.5|Any CPU.ActiveCfg = Debug|Any CPU
		{E983D5C7-A573-44E4-A8BB-D5A9D78EA538}.Debug 1.5|Any CPU.Build.0 = Debug|Any CPU
		{E983D5C7-A573-44E4-A8BB-D5A9D78EA538}.Debug 1.6|Any CPU.ActiveCfg = Debug|Any CPU
		{E983D5C7-A573-44E4-A8BB-D5A9D78EA538}.Debug 1.6|Any CPU.Build.0 = Debug|Any CPU
		{E983D5C7-A573-44E4-A8BB-D5A9D78EA538}.Release 1.3|Any CPU.ActiveCfg = Release|Any CPU
		{E983D5C7-A573-44E4-A8BB-D5A9D78EA538}.Release 1.3|Any CPU.Build.0 = Release|Any CPU
		{E983D5C7-A573-44E4-A8BB-D5A9D78EA538}.Release 1.4|Any CPU.ActiveCfg = Release|Any CPU
		{E983D5C7-A573-44E4-A8BB-D5A9D78EA538}.Release 1.4|Any CPU.Build.0 = Release|Any CPU
		{E983D5C7-A573-44E4-A8BB-D5A9D78EA538}.Release 1.5|Any CPU.ActiveCfg = Release|Any CPU
		{E983D5C7-A573-44E4-A8BB-D5A9D78EA538}.Release 1.5|Any CPU.Build.0 = Release|Any CPU
		{E983D5C7-A573-44E4-A8BB-D5A9D78EA538}.Release 1.6|Any CPU.ActiveCfg = Release|Any CPU
		{E983D5C7-A573-44E4-A8BB-D5A9D78EA538}.Release 1.6|Any CPU.Build.0 = Release|Any CPU
		{E983D5C7-A573-44E4-A8BB-D5A9D78EA538}.TravisCI|Any CPU.ActiveCfg = Release|Any CPU
		{E983D5C7-A573-44E4-A8BB-D5A9D78EA538}.TravisCI|Any CPU.Build.0 = Release|Any CPU
		{7B7D7B5F-D806-4A6B-B1AB-2D6EA7B4D5F4}.Debug 1.3|Any CPU.ActiveCfg = Debug|Any CPU
		{7B7D7B5F-D806-4A6B-B1AB-2D6EA7B4D5F4}.Debug 1.4|Any CPU.ActiveCfg = Debug|Any CPU
		{7B7D7B5F-D806-4A6B-B1AB-2D6EA7B4D5F4}.Debug 1.4|Any CPU.Build.0 = Debug|Any CPU
		{7B7D7B5F-D806-4A6B-B1AB-2D6EA7B4D5F4}.Debug 1.5|Any CPU.ActiveCfg = Debug|Any CPU
		{7B7D7B5F-D806-4A6B-B1AB-2D6EA7B4D5F4}.Debug 1.5|Any CPU.Build.0 = Debug|Any CPU
		{7B7D7B5F-D806-4A6B-B1AB-2D6EA7B4D5F4}.Debug 1.6|Any CPU.ActiveCfg = Debug|Any CPU
		{7B7D7B5F-D806-4A6B-B1AB-2D6EA7B4D5F4}.Debug 1.6|Any CPU.Build.0 = Debug|Any CPU
		{7B7D7B5F-D806-4A6B-B1AB-2D6EA7B4D5F4}.Release 1.3|Any CPU.ActiveCfg = Release|Any CPU
		{7B7D7B5F-D806-4A6B-B1AB-2D6EA7B4D5F4}.Release 1.3|Any CPU.Build.0 = Release|Any CPU
		{7B7D7B5F-D806-4A6B-B1AB-2D6EA7B4D5F4}.Release 1.4|Any CPU.ActiveCfg = Release|Any CPU
		{7B7D7B5F-D806-4A6B-B1AB-2D6EA7B4D5F4}.Release 1.4|Any CPU.Build.0 = Release|Any CPU
		{7B7D7B5F-D806-4A6B-B1AB-2D6EA7B4D5F4}.Release 1.5|Any CPU.ActiveCfg = Release|Any CPU
		{7B7D7B5F-D806-4A6B-B1AB-2D6EA7B4D5F4}.Release 1.5|Any CPU.Build.0 = Release|Any CPU
		{7B7D7B5F-D806-4A6B-B1AB-2D6EA7B4D5F4}.Release 1.6|Any CPU.ActiveCfg = Release|Any CPU
		{7B7D7B5F-D806-4A6B-B1AB-2D6EA7B4D5F4}.Release 1.6|Any CPU.Build.0 = Release|Any CPU
		{7B7D7B5F-D806-4A6B-B1AB-2D6EA7B4D5F4}.TravisCI|Any CPU.ActiveCfg = Release|Any CPU
		{7B7D7B5F-D806-4A6B-B1AB-2D6EA7B4D5F4}.TravisCI|Any CPU.Build.0 = Release|Any CPU
		{B6FF1583-C75A-42C1-9B75-2B16215A0CF7}.Debug 1.3|Any CPU.ActiveCfg = Debug|Any CPU
		{B6FF1583-C75A-42C1-9B75-2B16215A0CF7}.Debug 1.4|Any CPU.ActiveCfg = Debug|Any CPU
		{B6FF1583-C75A-42C1-9B75-2B16215A0CF7}.Debug 1.4|Any CPU.Build.0 = Debug|Any CPU
		{B6FF1583-C75A-42C1-9B75-2B16215A0CF7}.Debug 1.5|Any CPU.ActiveCfg = Debug|Any CPU
		{B6FF1583-C75A-42C1-9B75-2B16215A0CF7}.Debug 1.5|Any CPU.Build.0 = Debug|Any CPU
		{B6FF1583-C75A-42C1-9B75-2B16215A0CF7}.Debug 1.6|Any CPU.ActiveCfg = Debug|Any CPU
		{B6FF1583-C75A-42C1-9B75-2B16215A0CF7}.Debug 1.6|Any CPU.Build.0 = Debug|Any CPU
		{B6FF1583-C75A-42C1-9B75-2B16215A0CF7}.Release 1.3|Any CPU.ActiveCfg = Release|Any CPU
		{B6FF1583-C75A-42C1-9B75-2B16215A0CF7}.Release 1.3|Any CPU.Build.0 = Release|Any CPU
		{B6FF1583-C75A-42C1-9B75-2B16215A0CF7}.Release 1.4|Any CPU.ActiveCfg = Release|Any CPU
		{B6FF1583-C75A-42C1-9B75-2B16215A0CF7}.Release 1.4|Any CPU.Build.0 = Release|Any CPU
		{B6FF1583-C75A-42C1-9B75-2B16215A0CF7}.Release 1.5|Any CPU.ActiveCfg = Release|Any CPU
		{B6FF1583-C75A-42C1-9B75-2B16215A0CF7}.Release 1.5|Any CPU.Build.0 = Release|Any CPU
		{B6FF1583-C75A-42C1-9B75-2B16215A0CF7}.Release 1.6|Any CPU.ActiveCfg = Release|Any CPU
		{B6FF1583-C75A-42C1-9B75-2B16215A0CF7}.Release 1.6|Any CPU.Build.0 = Release|Any CPU
		{B6FF1583-C75A-42C1-9B75-2B16215A0CF7}.TravisCI|Any CPU.ActiveCfg = Release|Any CPU
		{B6FF1583-C75A-42C1-9B75-2B16215A0CF7}.TravisCI|Any CPU.Build.0 = Release|Any CPU
		{D1C9486E-43DA-4816-BA8C-EC7C0F233C2C}.Debug 1.3|Any CPU.ActiveCfg = Debug|Any CPU
		{D1C9486E-43DA-4816-BA8C-EC7C0F233C2C}.Debug 1.4|Any CPU.ActiveCfg = Debug|Any CPU
		{D1C9486E-43DA-4816-BA8C-EC7C0F233C2C}.Debug 1.4|Any CPU.Build.0 = Debug|Any CPU
		{D1C9486E-43DA-4816-BA8C-EC7C0F233C2C}.Debug 1.5|Any CPU.ActiveCfg = Debug|Any CPU
		{D1C9486E-43DA-4816-BA8C-EC7C0F233C2C}.Debug 1.5|Any CPU.Build.0 = Debug|Any CPU
		{D1C9486E-43DA-4816-BA8C-EC7C0F233C2C}.Debug 1.6|Any CPU.ActiveCfg = Debug|Any CPU
		{D1C9486E-43DA-4816-BA8C-EC7C0F233C2C}.Debug 1.6|Any CPU.Build.0 = Debug|Any CPU
		{D1C9486E-43DA-4816-BA8C-EC7C0F233C2C}.Release 1.3|Any CPU.ActiveCfg = Release|Any CPU
		{D1C9486E-43DA-4816-BA8C-EC7C0F233C2C}.Release 1.3|Any CPU.Build.0 = Release|Any CPU
		{D1C9486E-43DA-4816-BA8C-EC7C0F233C2C}.Release 1.4|Any CPU.ActiveCfg = Release|Any CPU
		{D1C9486E-43DA-4816-BA8C-EC7C0F233C2C}.Release 1.4|Any CPU.Build.0 = Release|Any CPU
		{D1C9486E-43DA-4816-BA8C-EC7C0F233C2C}.Release 1.5|Any CPU.ActiveCfg = Release|Any CPU
		{D1C9486E-43DA-4816-BA8C-EC7C0F233C2C}.Release 1.5|Any CPU.Build.0 = Release|Any CPU
		{D1C9486E-43DA-4816-BA8C-EC7C0F233C2C}.Release 1.6|Any CPU.ActiveCfg = Release|Any CPU
		{D1C9486E-43DA-4816-BA8C-EC7C0F233C2C}.Release 1.6|Any CPU.Build.0 = Release|Any CPU
		{D1C9486E-43DA-4816-BA8C-EC7C0F233C2C}.TravisCI|Any CPU.ActiveCfg = Release|Any CPU
		{D1C9486E-43DA-4816-BA8C-EC7C0F233C2C}.TravisCI|Any CPU.Build.0 = Release|Any CPU
		{A16F1B6A-6E62-4F4E-A5D2-8E4C9D93F201}.Debug 1.3|Any CPU.ActiveCfg = Debug|Any CPU
		{A16F1B6A-6E62-4F4E-A5D2-8E4C9D93F201}.Debug 1.4|Any CPU.ActiveCfg = Debug|Any CPU
		{A16F1B6A-6E62-4F4E-A5D2-8E4C9D93F201}.Debug 1.4|Any CPU.Build.0 = Debug|Any CPU
		{A16F1B6A-6E62-4F4E-A5D2-8E4C9D93F201}.Debug 1.5|Any CPU.ActiveCfg = Debug|Any CPU
		{A16F1B6A-6E62-4F4E-A5D2-8E4C9D93F201}.Debug 1.5|Any CPU.Build.0 = Debug|Any CPU
		{A16F1B6A-6E62-4F4E-A5D2-8E4C9D93F201}.Debug 1.6|Any CPU.ActiveCfg = Debug|Any CPU
		{A16F1B6A-6E62-4F4E-A5D2-8E4C9D93F201}.Debug 1.6|Any CPU.Build.0 = Debug|Any CPU
		{A16F1B6A-6E62-4F4E-A5D2-8E4C9D93F201}.Release 1.3|Any CPU.ActiveCfg = Release|Any CPU
		{A16F1B6A-6E62-4F4E-A5D2-8E4C9D93F201}.Release 1.3|Any CPU.Build.0 = Release|Any CPU
		{A16F1B6A-6E62-4F4E-A5D2-8E4C9D93F201}.Release 1.4|Any CPU.ActiveCfg = Release|Any CPU
		{A16F1B6A-6E62-4F4E-A5D2-8E4C9D93F201}.Release 1.4|Any CPU.Build.0 = Release|Any CPU
		{A16F1B6A-6E62-4F4E-A5D2-8E4C9D93F201}.Release 1.5|Any CPU.ActiveCfg = Release|Any CPU
		{A16F1B6A-6E62-4F4E-A5D2-8E4C9D93F201}.Release 1.5|Any CPU.Build.0 = Release|Any CPU
		{A16F1B6A-6E62-4F4E-A5D2-8E4C9D93F201}.Release 1.6|Any CPU.ActiveCfg = Release|Any CPU
		{A16F1B6A-6E62-4F4E-A5D2-8E4C9D93F201}.Release 1.6|Any CPU.Build.0 = Release|Any CPU
		{A16F1B6A-6E62-4F4E-A5D2-8E4C9D93F201}.TravisCI|Any CPU.ActiveCfg = Release|Any CPU
		{A16F1B6A-6E62-4F4E-A5D2-8E4C9D93F201}.TravisCI|Any CPU.Build.0 = Release|Any CPU
		{0E62A5A2-C95D-4CE4-B77B-6D5C698A2101}.Debug 1.3|Any CPU.ActiveCfg = Debug|Any CPU
		{0E62A5A2-C95D-4CE4-B77B-6D5C698A2101}.Debug 1.4|Any CPU.ActiveCfg = Debug|Any CPU
		{0E62A5A2-C95D-4CE4-B77B-6D5C698A2101}.Debug 1.4|Any CPU.Build.0 = Debug|Any CPU
		{0E62A5A2-C95D-4CE4-B77B-6D5C698A2101}.Debug 1.5|Any CPU.ActiveCfg = Debug|Any CPU
		{0E62A5A2-C95D-4CE4-B77B-6D5C698A2101}.Debug 1.5|Any CPU.Build.0 = Debug|Any CPU
		{0E62A5A2-C95D-4CE4-B77B-6D5C698A2101}.Debug 1.6|Any CPU.ActiveCfg = Debug|Any CPU
		{0E62A5A2-C95D-4CE4-B77B-6D5C698A2101}.Debug 1.6|Any CPU.Build.0 = Debug|Any CPU
		{0E62A5A2-C95D-4CE4-B77B-6D5C698A2101}.Release 1.3|Any CPU.ActiveCfg = Release|Any CPU
		{0E62A5A2-C95D-4CE4-B77B-6D5C698A2101}.Release 1.3|Any CPU.Build.0 = Release|Any CPU
		{0E62A5A2-C95D-4CE4-B77B-6D5C698A2101}.Release 1.4|Any CPU.ActiveCfg = Release|Any CPU
		{0E62A5A2-C95D-4CE4-B77B-6D5C698A2101}.Release 1.4|Any CPU.Build.0 = Release|Any CPU
		{0E62A5A2-C95D-4CE4-B77B-6D5C698A2101}.Release 1.5|Any CPU.ActiveCfg = Release|Any CPU
		{0E62A5A2-C95D-4CE4-B77B-6D5C698A2101}.Release 1.5|Any CPU.Build.0 = Release|Any CPU
		{0E62A5A2-C95D-4CE4-B77B-6D5C698A2101}.Release 1.6|Any CPU.ActiveCfg = Release|Any CPU
		{0E62A5A2-C95D-4CE4-B77B-6D5C698A2101}.Release 1.6|Any CPU.Build.0 = Release|Any CPU
		{0E62A5A2-C95D-4CE4-B77B-6D5C698A2101}.TravisCI|Any CPU.ActiveCfg = Release|Any CPU
		{0E62A5A2-C95D-4CE4-B77B-6D5C698A2101}.TravisCI|Any CPU.Build.0 = Release|Any CPU
		{0D9D0722-46D1-4330-9177-C5E4D2452102}.Debug 1.3|Any CPU.ActiveCfg = Debug|Any CPU
		{0D9D0722-46D1-4330-9177-C5E4D2452102}.Debug 1.4|Any CPU.ActiveCfg = Debug|Any CPU
		{0D9D0722-46D1-4330-9177-C5E4D2452102}.Debug 1.4|Any CPU.Build.0 = Debug|Any CPU
		{0D9D0722-46D1-4330-9177-C5E4D2452102}.Debug 1.5|Any CPU.ActiveCfg = Debug|Any CPU
		{0D9D0722-46D1-4330-9177-C5E4D2452102}.Debug 1.5|Any CPU.Build.0 = Debug|Any CPU
		{0D9D0722-46D1-4330-9177-C5E4D2452102}.Debug 1.6|Any CPU.ActiveCfg = Debug|Any CPU
		{0D9D0722-46D1-4330-9177-C5E4D2452102}.Debug 1.6|Any CPU.Build.0 = Debug|Any CPU
		{0D9D0722-46D1-4330-9177-C5E4D2452102}.Release 1.3|Any CPU.ActiveCfg = Release|Any CPU
		{0D9D0722-46D1-4330-9177-C5E4D2452102}.Release 1.3|Any CPU.Build.0 = Release|Any CPU
		{0D9D0722-46D1-4330-9177-C5E4D2452102}.Release 1.4|Any CPU.ActiveCfg = Release|Any CPU
		{0D9D0722-46D1-4330-9177-C5E4D2452102}.Release 1.4|Any CPU.Build.0 = Release|Any CPU
		{0D9D0722-46D1-4330-9177-C5E4D2452102}.Release 1.5|Any CPU.ActiveCfg = Release|Any CPU
		{0D9D0722-46D1-4330-9177-C5E4D2452102}.Release 1.5|Any CPU.Build.0 = Release|Any CPU
		{0D9D0722-46D1-4330-9177-C5E4D2452102}.Release 1.6|Any CPU.ActiveCfg = Release|Any CPU
		{0D9D0722-46D1-4330-9177-C5E4D2452102}.Release 1.6|Any CPU.Build.0 = Release|Any CPU
		{0D9D0722-46D1-4330-9177-C5E4D2452102}.TravisCI|Any CPU.ActiveCfg = Release|Any CPU
		{0D9D0722-46D1-4330-9177-C5E4D2452102}.TravisCI|Any CPU.Build.0 = Release|Any CPU
		{F1A2B3C4-D5E6-7890-ABCD-EF1234567890}.Debug 1.3|Any CPU.ActiveCfg = Debug|Any CPU
		{F1A2B3C4-D5E6-7890-ABCD-EF1234567890}.Debug 1.4|Any CPU.ActiveCfg = Debug|Any CPU
		{F1A2B3C4-D5E6-7890-ABCD-EF1234567890}.Debug 1.4|Any CPU.Build.0 = Debug|Any CPU
		{F1A2B3C4-D5E6-7890-ABCD-EF1234567890}.Debug 1.5|Any CPU.ActiveCfg = Debug|Any CPU
		{F1A2B3C4-D5E6-7890-ABCD-EF1234567890}.Debug 1.5|Any CPU.Build.0 = Debug|Any CPU
		{F1A2B3C4-D5E6-7890-ABCD-EF1234567890}.Debug 1.6|Any CPU.ActiveCfg = Debug|Any CPU
		{F1A2B3C4-D5E6-7890-ABCD-EF1234567890}.Debug 1.6|Any CPU.Build.0 = Debug|Any CPU
		{F1A2B3C4-D5E6-7890-ABCD-EF1234567890}.Release 1.3|Any CPU.ActiveCfg = Release|Any CPU
		{F1A2B3C4-D5E6-7890-ABCD-EF1234567890}.Release 1.3|Any CPU.Build.0 = Release|Any CPU
		{F1A2B3C4-D5E6-7890-ABCD-EF1234567890}.Release 1.4|Any CPU.ActiveCfg = Release|Any CPU
		{F1A2B3C4-D5E6-7890-ABCD-EF1234567890}.Release 1.4|Any CPU.Build.0 = Release|Any CPU
		{F1A2B3C4-D5E6-7890-ABCD-EF1234567890}.Release 1.5|Any CPU.ActiveCfg = Release|Any CPU
		{F1A2B3C4-D5E6-7890-ABCD-EF1234567890}.Release 1.5|Any CPU.Build.0 = Release|Any CPU
		{F1A2B3C4-D5E6-7890-ABCD-EF1234567890}.Release 1.6|Any CPU.ActiveCfg = Release|Any CPU
		{F1A2B3C4-D5E6-7890-ABCD-EF1234567890}.Release 1.6|Any CPU.Build.0 = Release|Any CPU
		{F1A2B3C4-D5E6-7890-ABCD-EF1234567890}.TravisCI|Any CPU.ActiveCfg = Release|Any CPU
		{F1A2B3C4-D5E6-7890-ABCD-EF1234567890}.TravisCI|Any CPU.Build.0 = Release|Any CPU
		{4C930CBF-1A5A-4208-AAC8-F16625DE2103}.Debug 1.3|Any CPU.ActiveCfg = Debug|Any CPU
		{4C930CBF-1A5A-4208-AAC8-F16625DE2103}.Debug 1.4|Any CPU.ActiveCfg = Debug|Any CPU
		{4C930CBF-1A5A-4208-AAC8-F16625DE2103}.Debug 1.4|Any CPU.Build.0 = Debug|Any CPU
		{4C930CBF-1A5A-4208-AAC8-F16625DE2103}.Debug 1.5|Any CPU.ActiveCfg = Debug|Any CPU
		{4C930CBF-1A5A-4208-AAC8-F16625DE2103}.Debug 1.5|Any CPU.Build.0 = Debug|Any CPU
		{4C930CBF-1A5A-4208-AAC8-F16625DE2103}.Debug 1.6|Any CPU.ActiveCfg = Debug|Any CPU
		{4C930CBF-1A5A-4208-AAC8-F16625DE2103}.Debug 1.6|Any CPU.Build.0 = Debug|Any CPU
		{4C930CBF-1A5A-4208-AAC8-F16625DE2103}.Release 1.3|Any CPU.ActiveCfg = Release|Any CPU
		{4C930CBF-1A5A-4208-AAC8-F16625DE2103}.Release 1.3|Any CPU.Build.0 = Release|Any CPU
		{4C930CBF-1A5A-4208-AAC8-F16625DE2103}.Release 1.4|Any CPU.ActiveCfg = Release|Any CPU
		{4C930CBF-1A5A-4208-AAC8-F16625DE2103}.Release 1.4|Any CPU.Build.0 = Release|Any CPU
		{4C930CBF-1A5A-4208-AAC8-F16625DE2103}.Release 1.5|Any CPU.ActiveCfg = Release|Any CPU
		{4C930CBF-1A5A-4208-AAC8-F16625DE2103}.Release 1.5|Any CPU.Build.0 = Release|Any CPU
		{4C930CBF-1A5A-4208-AAC8-F16625DE2103}.Release 1.6|Any CPU.ActiveCfg = Release|Any CPU
		{4C930CBF-1A5A-4208-AAC8-F16625DE2103}.Release 1.6|Any CPU.Build.0 = Release|Any CPU
		{4C930CBF-1A5A-4208-AAC8-F16625DE2103}.TravisCI|Any CPU.ActiveCfg = Release|Any CPU
		{4C930CBF-1A5A-4208-AAC8-F16625DE2103}.TravisCI|Any CPU.Build.0 = Release|Any CPU
		{C9F8BEAB-ACB7-4EBE-9713-BA0A50512104}.Debug 1.3|Any CPU.ActiveCfg = Debug|Any CPU
		{C9F8BEAB-ACB7-4EBE-9713-BA0A50512104}.Debug 1.4|Any CPU.ActiveCfg = Debug|Any CPU
		{C9F8BEAB-ACB7-4EBE-9713-BA0A50512104}.Debug 1.4|Any CPU.Build.0 = Debug|Any CPU
		{C9F8BEAB-ACB7-4EBE-9713-BA0A50512104}.Debug 1.5|Any CPU.ActiveCfg = Debug|Any CPU
		{C9F8BEAB-ACB7-4EBE-9713-BA0A50512104}.Debug 1.5|Any CPU.Build.0 = Debug|Any CPU
		{C9F8BEAB-ACB7-4EBE-9713-BA0A50512104}.Debug 1.6|Any CPU.ActiveCfg = Debug|Any CPU
		{C9F8BEAB-ACB7-4EBE-9713-BA0A50512104}.Debug 1.6|Any CPU.Build.0 = Debug|Any CPU
		{C9F8BEAB-ACB7-4EBE-9713-BA0A50512104}.Release 1.3|Any CPU.ActiveCfg = Release|Any CPU
		{C9F8BEAB-ACB7-4EBE-9713-BA0A50512104}.Release 1.3|Any CPU.Build.0 = Release|Any CPU
		{C9F8BEAB-ACB7-4EBE-9713-BA0A50512104}.Release 1.4|Any CPU.ActiveCfg = Release|Any CPU
		{C9F8BEAB-ACB7-4EBE-9713-BA0A50512104}.Release 1.4|Any CPU.Build.0 = Release|Any CPU
		{C9F8BEAB-ACB7-4EBE-9713-BA0A50512104}.Release 1.5|Any CPU.ActiveCfg = Release|Any CPU
		{C9F8BEAB-ACB7-4EBE-9713-BA0A50512104}.Release 1.5|Any CPU.Build.0 = Release|Any CPU
		{C9F8BEAB-ACB7-4EBE-9713-BA0A50512104}.Release 1.6|Any CPU.ActiveCfg = Release|Any CPU
		{C9F8BEAB-ACB7-4EBE-9713-BA0A50512104}.Release 1.6|Any CPU.Build.0 = Release|Any CPU
		{C9F8BEAB-ACB7-4EBE-9713-BA0A50512104}.TravisCI|Any CPU.ActiveCfg = Release|Any CPU
		{C9F8BEAB-ACB7-4EBE-9713-BA0A50512104}.TravisCI|Any CPU.Build.0 = Release|Any CPU
		{D5BBFA59-DB31-40F8-A8BF-7333BE984316}.Debug 1.3|Any CPU.ActiveCfg = Debug|Any CPU
		{D5BBFA59-DB31-40F8-A8BF-7333BE984316}.Debug 1.4|Any CPU.ActiveCfg = Debug|Any CPU
		{D5BBFA59-DB31-40F8-A8BF-7333BE984316}.Debug 1.4|Any CPU.Build.0 = Debug|Any CPU
		{D5BBFA59-DB31-40F8-A8BF-7333BE984316}.Debug 1.5|Any CPU.ActiveCfg = Debug|Any CPU
		{D5BBFA59-DB31-40F8-A8BF-7333BE984316}.Debug 1.5|Any CPU.Build.0 = Debug|Any CPU
		{D5BBFA59-DB31-40F8-A8BF-7333BE984316}.Debug 1.6|Any CPU.ActiveCfg = Debug|Any CPU
		{D5BBFA59-DB31-40F8-A8BF-7333BE984316}.Debug 1.6|Any CPU.Build.0 = Debug|Any CPU
		{D5BBFA59-DB31-40F8-A8BF-7333BE984316}.Release 1.3|Any CPU.ActiveCfg = Release|Any CPU
		{D5BBFA59-DB31-40F8-A8BF-7333BE984316}.Release 1.3|Any CPU.Build.0 = Release|Any CPU
		{D5BBFA59-DB31-40F8-A8BF-7333BE984316}.Release 1.4|Any CPU.ActiveCfg = Release|Any CPU
		{D5BBFA59-DB31-40F8-A8BF-7333BE984316}.Release 1.4|Any CPU.Build.0 = Release|Any CPU
		{D5BBFA59-DB31-40F8-A8BF-7333BE984316}.Release 1.5|Any CPU.ActiveCfg = Release|Any CPU
		{D5BBFA59-DB31-40F8-A8BF-7333BE984316}.Release 1.5|Any CPU.Build.0 = Release|Any CPU
		{D5BBFA59-DB31-40F8-A8BF-7333BE984316}.Release 1.6|Any CPU.ActiveCfg = Release|Any CPU
		{D5BBFA59-DB31-40F8-A8BF-7333BE984316}.Release 1.6|Any CPU.Build.0 = Release|Any CPU
		{D5BBFA59-DB31-40F8-A8BF-7333BE984316}.TravisCI|Any CPU.ActiveCfg = Release|Any CPU
		{D5BBFA59-DB31-40F8-A8BF-7333BE984316}.TravisCI|Any CPU.Build.0 = Release|Any CPU
		{D4E5F6A7-B8C9-0123-DEF1-234567890123}.Debug 1.3|Any CPU.ActiveCfg = Debug|Any CPU
		{D4E5F6A7-B8C9-0123-DEF1-234567890123}.Debug 1.4|Any CPU.ActiveCfg = Debug|Any CPU
		{D4E5F6A7-B8C9-0123-DEF1-234567890123}.Debug 1.4|Any CPU.Build.0 = Debug|Any CPU
		{D4E5F6A7-B8C9-0123-DEF1-234567890123}.Debug 1.5|Any CPU.ActiveCfg = Debug|Any CPU
		{D4E5F6A7-B8C9-0123-DEF1-234567890123}.Debug 1.5|Any CPU.Build.0 = Debug|Any CPU
		{D4E5F6A7-B8C9-0123-DEF1-234567890123}.Debug 1.6|Any CPU.ActiveCfg = Debug|Any CPU
		{D4E5F6A7-B8C9-0123-DEF1-234567890123}.Debug 1.6|Any CPU.Build.0 = Debug|Any CPU
		{D4E5F6A7-B8C9-0123-DEF1-234567890123}.Release 1.3|Any CPU.ActiveCfg = Release|Any CPU
		{D4E5F6A7-B8C9-0123-DEF1-234567890123}.Release 1.3|Any CPU.Build.0 = Release|Any CPU
		{D4E5F6A7-B8C9-0123-DEF1-234567890123}.Release 1.4|Any CPU.ActiveCfg = Release|Any CPU
		{D4E5F6A7-B8C9-0123-DEF1-234567890123}.Release 1.4|Any CPU.Build.0 = Release|Any CPU
		{D4E5F6A7-B8C9-0123-DEF1-234567890123}.Release 1.5|Any CPU.ActiveCfg = Release|Any CPU
		{D4E5F6A7-B8C9-0123-DEF1-234567890123}.Release 1.5|Any CPU.Build.0 = Release|Any CPU
		{D4E5F6A7-B8C9-0123-DEF1-234567890123}.Release 1.6|Any CPU.ActiveCfg = Release|Any CPU
		{D4E5F6A7-B8C9-0123-DEF1-234567890123}.Release 1.6|Any CPU.Build.0 = Release|Any CPU
		{D4E5F6A7-B8C9-0123-DEF1-234567890123}.TravisCI|Any CPU.ActiveCfg = Release|Any CPU
		{D4E5F6A7-B8C9-0123-DEF1-234567890123}.TravisCI|Any CPU.Build.0 = Release|Any CPU
		{B2C3D4E5-F6A7-8901-BCDE-F12345678901}.Debug 1.3|Any CPU.ActiveCfg = Debug|Any CPU
		{B2C3D4E5-F6A7-8901-BCDE-F12345678901}.Debug 1.4|Any CPU.ActiveCfg = Debug|Any CPU
		{B2C3D4E5-F6A7-8901-BCDE-F12345678901}.Debug 1.4|Any CPU.Build.0 = Debug|Any CPU
		{B2C3D4E5-F6A7-8901-BCDE-F12345678901}.Debug 1.5|Any CPU.ActiveCfg = Debug|Any CPU
		{B2C3D4E5-F6A7-8901-BCDE-F12345678901}.Debug 1.5|Any CPU.Build.0 = Debug|Any CPU
		{B2C3D4E5-F6A7-8901-BCDE-F12345678901}.Debug 1.6|Any CPU.ActiveCfg = Debug|Any CPU
		{B2C3D4E5-F6A7-8901-BCDE-F12345678901}.Debug 1.6|Any CPU.Build.0 = Debug|Any CPU
		{B2C3D4E5-F6A7-8901-BCDE-F12345678901}.Release 1.3|Any CPU.ActiveCfg = Release|Any CPU
		{B2C3D4E5-F6A7-8901-BCDE-F12345678901}.Release 1.3|Any CPU.Build.0 = Release|Any CPU
		{B2C3D4E5-F6A7-8901-BCDE-F12345678901}.Release 1.4|Any CPU.ActiveCfg = Release|Any CPU
		{B2C3D4E5-F6A7-8901-BCDE-F12345678901}.Release 1.4|Any CPU.Build.0 = Release|Any CPU
		{B2C3D4E5-F6A7-8901-BCDE-F12345678901}.Release 1.5|Any CPU.ActiveCfg = Release|Any CPU
		{B2C3D4E5-F6A7-8901-BCDE-F12345678901}.Release 1.5|Any CPU.Build.0 = Release|Any CPU
		{B2C3D4E5-F6A7-8901-BCDE-F12345678901}.Release 1.6|Any CPU.ActiveCfg = Release|Any CPU
		{B2C3D4E5-F6A7-8901-BCDE-F12345678901}.Release 1.6|Any CPU.Build.0 = Release|Any CPU
		{B2C3D4E5-F6A7-8901-BCDE-F12345678901}.TravisCI|Any CPU.ActiveCfg = Release|Any CPU
		{B2C3D4E5-F6A7-8901-BCDE-F12345678901}.TravisCI|Any CPU.Build.0 = Release|Any CPU
		{A1B2C3D4-E5F6-7890-ABCD-EF1234567890}.Debug 1.3|Any CPU.ActiveCfg = Debug|Any CPU
		{A1B2C3D4-E5F6-7890-ABCD-EF1234567890}.Debug 1.4|Any CPU.ActiveCfg = Debug|Any CPU
		{A1B2C3D4-E5F6-7890-ABCD-EF1234567890}.Debug 1.4|Any CPU.Build.0 = Debug|Any CPU
		{A1B2C3D4-E5F6-7890-ABCD-EF1234567890}.Debug 1.5|Any CPU.ActiveCfg = Debug|Any CPU
		{A1B2C3D4-E5F6-7890-ABCD-EF1234567890}.Debug 1.5|Any CPU.Build.0 = Debug|Any CPU
		{A1B2C3D4-E5F6-7890-ABCD-EF1234567890}.Debug 1.6|Any CPU.ActiveCfg = Debug|Any CPU
		{A1B2C3D4-E5F6-7890-ABCD-EF1234567890}.Debug 1.6|Any CPU.Build.0 = Debug|Any CPU
		{A1B2C3D4-E5F6-7890-ABCD-EF1234567890}.Release 1.3|Any CPU.ActiveCfg = Release|Any CPU
		{A1B2C3D4-E5F6-7890-ABCD-EF1234567890}.Release 1.3|Any CPU.Build.0 = Release|Any CPU
		{A1B2C3D4-E5F6-7890-ABCD-EF1234567890}.Release 1.4|Any CPU.ActiveCfg = Release|Any CPU
		{A1B2C3D4-E5F6-7890-ABCD-EF1234567890}.Release 1.4|Any CPU.Build.0 = Release|Any CPU
		{A1B2C3D4-E5F6-7890-ABCD-EF1234567890}.Release 1.5|Any CPU.ActiveCfg = Release|Any CPU
		{A1B2C3D4-E5F6-7890-ABCD-EF1234567890}.Release 1.5|Any CPU.Build.0 = Release|Any CPU
		{A1B2C3D4-E5F6-7890-ABCD-EF1234567890}.Release 1.6|Any CPU.ActiveCfg = Release|Any CPU
		{A1B2C3D4-E5F6-7890-ABCD-EF1234567890}.Release 1.6|Any CPU.Build.0 = Release|Any CPU
		{A1B2C3D4-E5F6-7890-ABCD-EF1234567890}.TravisCI|Any CPU.ActiveCfg = Release|Any CPU
		{A1B2C3D4-E5F6-7890-ABCD-EF1234567890}.TravisCI|Any CPU.Build.0 = Release|Any CPU
		{C3D4E5F6-A7B8-9012-CDEF-123456789012}.Debug 1.3|Any CPU.ActiveCfg = Debug|Any CPU
		{C3D4E5F6-A7B8-9012-CDEF-123456789012}.Debug 1.4|Any CPU.ActiveCfg = Debug|Any CPU
		{C3D4E5F6-A7B8-9012-CDEF-123456789012}.Debug 1.4|Any CPU.Build.0 = Debug|Any CPU
		{C3D4E5F6-A7B8-9012-CDEF-123456789012}.Debug 1.5|Any CPU.ActiveCfg = Debug|Any CPU
		{C3D4E5F6-A7B8-9012-CDEF-123456789012}.Debug 1.5|Any CPU.Build.0 = Debug|Any CPU
		{C3D4E5F6-A7B8-9012-CDEF-123456789012}.Debug 1.6|Any CPU.ActiveCfg = Debug|Any CPU
		{C3D4E5F6-A7B8-9012-CDEF-123456789012}.Debug 1.6|Any CPU.Build.0 = Debug|Any CPU
		{C3D4E5F6-A7B8-9012-CDEF-123456789012}.Release 1.3|Any CPU.ActiveCfg = Release|Any CPU
		{C3D4E5F6-A7B8-9012-CDEF-123456789012}.Release 1.3|Any CPU.Build.0 = Release|Any CPU
		{C3D4E5F6-A7B8-9012-CDEF-123456789012}.Release 1.4|Any CPU.ActiveCfg = Release|Any CPU
		{C3D4E5F6-A7B8-9012-CDEF-123456789012}.Release 1.4|Any CPU.Build.0 = Release|Any CPU
		{C3D4E5F6-A7B8-9012-CDEF-123456789012}.Release 1.5|Any CPU.ActiveCfg = Release|Any CPU
		{C3D4E5F6-A7B8-9012-CDEF-123456789012}.Release 1.5|Any CPU.Build.0 = Release|Any CPU
		{C3D4E5F6-A7B8-9012-CDEF-123456789012}.Release 1.6|Any CPU.ActiveCfg = Release|Any CPU
		{C3D4E5F6-A7B8-9012-CDEF-123456789012}.Release 1.6|Any CPU.Build.0 = Release|Any CPU
		{C3D4E5F6-A7B8-9012-CDEF-123456789012}.TravisCI|Any CPU.ActiveCfg = Release|Any CPU
		{C3D4E5F6-A7B8-9012-CDEF-123456789012}.TravisCI|Any CPU.Build.0 = Release|Any CPU
	EndGlobalSection
	GlobalSection(SolutionProperties) = preSolution
		HideSolutionNode = FALSE
	EndGlobalSection
	GlobalSection(NestedProjects) = preSolution
		{38CB6BED-E751-42FE-A847-C0DDD482AC62} = {25425468-EE4B-48F3-866C-4498EEDA5417}
		{4E8C099F-DCAB-418A-A2FE-2705A7065EC3} = {25425468-EE4B-48F3-866C-4498EEDA5417}
		{E983D5C7-A573-44E4-A8BB-D5A9D78EA538} = {25425468-EE4B-48F3-866C-4498EEDA5417}
		{7B7D7B5F-D806-4A6B-B1AB-2D6EA7B4D5F4} = {25425468-EE4B-48F3-866C-4498EEDA5417}
		{D1C9486E-43DA-4816-BA8C-EC7C0F233C2C} = {25425468-EE4B-48F3-866C-4498EEDA5417}
		{A16F1B6A-6E62-4F4E-A5D2-8E4C9D93F201} = {25425468-EE4B-48F3-866C-4498EEDA5417}
		{0E62A5A2-C95D-4CE4-B77B-6D5C698A2101} = {25425468-EE4B-48F3-866C-4498EEDA5417}
		{F1A2B3C4-D5E6-7890-ABCD-EF1234567890} = {25425468-EE4B-48F3-866C-4498EEDA5417}
		{0D9D0722-46D1-4330-9177-C5E4D2452102} = {25425468-EE4B-48F3-866C-4498EEDA5417}
		{4C930CBF-1A5A-4208-AAC8-F16625DE2103} = {25425468-EE4B-48F3-866C-4498EEDA5417}
		{C9F8BEAB-ACB7-4EBE-9713-BA0A50512104} = {25425468-EE4B-48F3-866C-4498EEDA5417}
		{D5BBFA59-DB31-40F8-A8BF-7333BE984316} = {B71A3D38-D467-465C-B749-0B9F23D0362F}
		{D4E5F6A7-B8C9-0123-DEF1-234567890123} = {25425468-EE4B-48F3-866C-4498EEDA5417}
		{B2C3D4E5-F6A7-8901-BCDE-F12345678901} = {25425468-EE4B-48F3-866C-4498EEDA5417}
		{A1B2C3D4-E5F6-7890-ABCD-EF1234567890} = {25425468-EE4B-48F3-866C-4498EEDA5417}
		{C3D4E5F6-A7B8-9012-CDEF-123456789012} = {25425468-EE4B-48F3-866C-4498EEDA5417}
	EndGlobalSection
	GlobalSection(ExtensibilityGlobals) = postSolution
		SolutionGuid = {5754AA9C-707A-4C66-8A4D-AEF82F282F77}
	EndGlobalSection
EndGlobal
